// !$*UTF8*$!
{
	archiveVersion = 1;
	classes = {
	};
	objectVersion = 50;
	objects = {

/* Begin PBXBuildFile section */
		7D30AB522333149A0099738E /* AppDelegate.m in Sources */ = {isa = PBXBuildFile; fileRef = 7D30AB512333149A0099738E /* AppDelegate.m */; };
		7D30AB552333149A0099738E /* ViewController.m in Sources */ = {isa = PBXBuildFile; fileRef = 7D30AB542333149A0099738E /* ViewController.m */; };
		7D30AB582333149A0099738E /* Main.storyboard in Resources */ = {isa = PBXBuildFile; fileRef = 7D30AB562333149A0099738E /* Main.storyboard */; };
		7D30AB5A2333149B0099738E /* Assets.xcassets in Resources */ = {isa = PBXBuildFile; fileRef = 7D30AB592333149B0099738E /* Assets.xcassets */; };
		7D30AB5D2333149B0099738E /* LaunchScreen.storyboard in Resources */ = {isa = PBXBuildFile; fileRef = 7D30AB5B2333149B0099738E /* LaunchScreen.storyboard */; };
		7D30AB602333149B0099738E /* main.m in Sources */ = {isa = PBXBuildFile; fileRef = 7D30AB5F2333149B0099738E /* main.m */; };
		7D30AB6A2333149C0099738E /* TLBookTextViewTests.m in Sources */ = {isa = PBXBuildFile; fileRef = 7D30AB692333149C0099738E /* TLBookTextViewTests.m */; };
		7D30AB76233314C70099738E /* TLBookTextView.m in Sources */ = {isa = PBXBuildFile; fileRef = 7D30AB75233314C70099738E /* TLBookTextView.m */; };
/* End PBXBuildFile section */

/* Begin PBXContainerItemProxy section */
		7D30AB662333149C0099738E /* PBXContainerItemProxy */ = {
			isa = PBXContainerItemProxy;
			containerPortal = 7D30AB452333149A0099738E /* Project object */;
			proxyType = 1;
			remoteGlobalIDString = 7D30AB4C2333149A0099738E;
			remoteInfo = TLTextView;
		};
/* End PBXContainerItemProxy section */

/* Begin PBXFileReference section */
		7D30AB4D2333149A0099738E /* TLBookTextView.app */ = {isa = PBXFileReference; explicitFileType = wrapper.application; includeInIndex = 0; path = TLBookTextView.app; sourceTree = BUILT_PRODUCTS_DIR; };
		7D30AB502333149A0099738E /* AppDelegate.h */ = {isa = PBXFileReference; lastKnownFileType = sourcecode.c.h; path = AppDelegate.h; sourceTree = "<group>"; };
		7D30AB512333149A0099738E /* AppDelegate.m */ = {isa = PBXFileReference; lastKnownFileType = sourcecode.c.objc; path = AppDelegate.m; sourceTree = "<group>"; };
		7D30AB532333149A0099738E /* ViewController.h */ = {isa = PBXFileReference; lastKnownFileType = sourcecode.c.h; path = ViewController.h; sourceTree = "<group>"; };
		7D30AB542333149A0099738E /* ViewController.m */ = {isa = PBXFileReference; lastKnownFileType = sourcecode.c.objc; path = ViewController.m; sourceTree = "<group>"; };
		7D30AB572333149A0099738E /* Base */ = {isa = PBXFileReference; lastKnownFileType = file.storyboard; name = Base; path = Base.lproj/Main.storyboard; sourceTree = "<group>"; };
		7D30AB592333149B0099738E /* Assets.xcassets */ = {isa = PBXFileReference; lastKnownFileType = folder.assetcatalog; path = Assets.xcassets; sourceTree = "<group>"; };
		7D30AB5C2333149B0099738E /* Base */ = {isa = PBXFileReference; lastKnownFileType = file.storyboard; name = Base; path = Base.lproj/LaunchScreen.storyboard; sourceTree = "<group>"; };
		7D30AB5E2333149B0099738E /* Info.plist */ = {isa = PBXFileReference; lastKnownFileType = text.plist.xml; path = Info.plist; sourceTree = "<group>"; };
		7D30AB5F2333149B0099738E /* main.m */ = {isa = PBXFileReference; lastKnownFileType = sourcecode.c.objc; path = main.m; sourceTree = "<group>"; };
		7D30AB652333149C0099738E /* TLBookTextViewTests.xctest */ = {isa = PBXFileReference; explicitFileType = wrapper.cfbundle; includeInIndex = 0; path = TLBookTextViewTests.xctest; sourceTree = BUILT_PRODUCTS_DIR; };
		7D30AB692333149C0099738E /* TLBookTextViewTests.m */ = {isa = PBXFileReference; lastKnownFileType = sourcecode.c.objc; path = TLBookTextViewTests.m; sourceTree = "<group>"; };
		7D30AB6B2333149C0099738E /* Info.plist */ = {isa = PBXFileReference; lastKnownFileType = text.plist.xml; path = Info.plist; sourceTree = "<group>"; };
		7D30AB74233314C70099738E /* TLBookTextView.h */ = {isa = PBXFileReference; lastKnownFileType = sourcecode.c.h; path = TLBookTextView.h; sourceTree = "<group>"; };
		7D30AB75233314C70099738E /* TLBookTextView.m */ = {isa = PBXFileReference; lastKnownFileType = sourcecode.c.objc; path = TLBookTextView.m; sourceTree = "<group>"; };
/* End PBXFileReference section */

/* Begin PBXFrameworksBuildPhase section */
		7D30AB4A2333149A0099738E /* Frameworks */ = {
			isa = PBXFrameworksBuildPhase;
			buildActionMask = 2147483647;
			files = (
			);
			runOnlyForDeploymentPostprocessing = 0;
		};
		7D30AB622333149C0099738E /* Frameworks */ = {
			isa = PBXFrameworksBuildPhase;
			buildActionMask = 2147483647;
			files = (
			);
			runOnlyForDeploymentPostprocessing = 0;
		};
/* End PBXFrameworksBuildPhase section */

/* Begin PBXGroup section */
		7D30AB442333149A0099738E = {
			isa = PBXGroup;
			children = (
				7D30AB4F2333149A0099738E /* TLBookTextView */,
				7D30AB682333149C0099738E /* TLBookTextViewTests */,
				7D30AB4E2333149A0099738E /* Products */,
			);
			sourceTree = "<group>";
		};
		7D30AB4E2333149A0099738E /* Products */ = {
			isa = PBXGroup;
			children = (
				7D30AB4D2333149A0099738E /* TLBookTextView.app */,
				7D30AB652333149C0099738E /* TLBookTextViewTests.xctest */,
			);
			name = Products;
			sourceTree = "<group>";
		};
		7D30AB4F2333149A0099738E /* TLBookTextView */ = {
			isa = PBXGroup;
			children = (
				7D30AB502333149A0099738E /* AppDelegate.h */,
				7D30AB512333149A0099738E /* AppDelegate.m */,
				7D30AB532333149A0099738E /* ViewController.h */,
				7D30AB542333149A0099738E /* ViewController.m */,
				7D30AB74233314C70099738E /* TLBookTextView.h */,
				7D30AB75233314C70099738E /* TLBookTextView.m */,
				7D30AB562333149A0099738E /* Main.storyboard */,
				7D30AB592333149B0099738E /* Assets.xcassets */,
				7D30AB5B2333149B0099738E /* LaunchScreen.storyboard */,
				7D30AB5E2333149B0099738E /* Info.plist */,
				7D30AB5F2333149B0099738E /* main.m */,
			);
			path = TLBookTextView;
			sourceTree = "<group>";
		};
		7D30AB682333149C0099738E /* TLBookTextViewTests */ = {
			isa = PBXGroup;
			children = (
				7D30AB692333149C0099738E /* TLBookTextViewTests.m */,
				7D30AB6B2333149C0099738E /* Info.plist */,
			);
			path = TLBookTextViewTests;
			sourceTree = "<group>";
		};
/* End PBXGroup section */

/* Begin PBXNativeTarget section */
		7D30AB4C2333149A0099738E /* TLBookTextView */ = {
			isa = PBXNativeTarget;
			buildConfigurationList = 7D30AB6E2333149C0099738E /* Build configuration list for PBXNativeTarget "TLBookTextView" */;
			buildPhases = (
				7D30AB492333149A0099738E /* Sources */,
				7D30AB4A2333149A0099738E /* Frameworks */,
				7D30AB4B2333149A0099738E /* Resources */,
			);
			buildRules = (
			);
			dependencies = (
			);
			name = TLBookTextView;
			productName = TLTextView;
			productReference = 7D30AB4D2333149A0099738E /* TLBookTextView.app */;
			productType = "com.apple.product-type.application";
		};
		7D30AB642333149C0099738E /* TLBookTextViewTests */ = {
			isa = PBXNativeTarget;
			buildConfigurationList = 7D30AB712333149C0099738E /* Build configuration list for PBXNativeTarget "TLBookTextViewTests" */;
			buildPhases = (
				7D30AB612333149C0099738E /* Sources */,
				7D30AB622333149C0099738E /* Frameworks */,
				7D30AB632333149C0099738E /* Resources */,
			);
			buildRules = (
			);
			dependencies = (
				7D30AB672333149C0099738E /* PBXTargetDependency */,
			);
			name = TLBookTextViewTests;
			productName = TLTextViewTests;
			productReference = 7D30AB652333149C0099738E /* TLBookTextViewTests.xctest */;
			productType = "com.apple.product-type.bundle.unit-test";
		};
/* End PBXNativeTarget section */

/* Begin PBXProject section */
		7D30AB452333149A0099738E /* Project object */ = {
			isa = PBXProject;
			attributes = {
				LastUpgradeCheck = 1010;
				ORGANIZATIONNAME = yuanqutech;
				TargetAttributes = {
					7D30AB4C2333149A0099738E = {
						CreatedOnToolsVersion = 10.1;
					};
					7D30AB642333149C0099738E = {
						CreatedOnToolsVersion = 10.1;
						TestTargetID = 7D30AB4C2333149A0099738E;
					};
				};
			};
			buildConfigurationList = 7D30AB482333149A0099738E /* Build configuration list for PBXProject "TLBookTextView" */;
			compatibilityVersion = "Xcode 9.3";
			developmentRegion = en;
			hasScannedForEncodings = 0;
			knownRegions = (
				en,
				Base,
			);
			mainGroup = 7D30AB442333149A0099738E;
			productRefGroup = 7D30AB4E2333149A0099738E /* Products */;
			projectDirPath = "";
			projectRoot = "";
			targets = (
				7D30AB4C2333149A0099738E /* TLBookTextView */,
				7D30AB642333149C0099738E /* TLBookTextViewTests */,
			);
		};
/* End PBXProject section */

/* Begin PBXResourcesBuildPhase section */
		7D30AB4B2333149A0099738E /* Resources */ = {
			isa = PBXResourcesBuildPhase;
			buildActionMask = 2147483647;
			files = (
				7D30AB5D2333149B0099738E /* LaunchScreen.storyboard in Resources */,
				7D30AB5A2333149B0099738E /* Assets.xcassets in Resources */,
				7D30AB582333149A0099738E /* Main.storyboard in Resources */,
			);
			runOnlyForDeploymentPostprocessing = 0;
		};
		7D30AB632333149C0099738E /* Resources */ = {
			isa = PBXResourcesBuildPhase;
			buildActionMask = 2147483647;
			files = (
			);
			runOnlyForDeploymentPostprocessing = 0;
		};
/* End PBXResourcesBuildPhase section */

/* Begin PBXSourcesBuildPhase section */
		7D30AB492333149A0099738E /* Sources */ = {
			isa = PBXSourcesBuildPhase;
			buildActionMask = 2147483647;
			files = (
				7D30AB552333149A0099738E /* ViewController.m in Sources */,
				7D30AB602333149B0099738E /* main.m in Sources */,
				7D30AB522333149A0099738E /* AppDelegate.m in Sources */,
				7D30AB76233314C70099738E /* TLBookTextView.m in Sources */,
			);
			runOnlyForDeploymentPostprocessing = 0;
		};
		7D30AB612333149C0099738E /* Sources */ = {
			isa = PBXSourcesBuildPhase;
			buildActionMask = 2147483647;
			files = (
				7D30AB6A2333149C0099738E /* TLBookTextViewTests.m in Sources */,
			);
			runOnlyForDeploymentPostprocessing = 0;
		};
/* End PBXSourcesBuildPhase section */

/* Begin PBXTargetDependency section */
		7D30AB672333149C0099738E /* PBXTargetDependency */ = {
			isa = PBXTargetDependency;
			target = 7D30AB4C2333149A0099738E /* TLBookTextView */;
			targetProxy = 7D30AB662333149C0099738E /* PBXContainerItemProxy */;
		};
/* End PBXTargetDependency section */

/* Begin PBXVariantGroup section */
		7D30AB562333149A0099738E /* Main.storyboard */ = {
			isa = PBXVariantGroup;
			children = (
				7D30AB572333149A0099738E /* Base */,
			);
			name = Main.storyboard;
			sourceTree = "<group>";
		};
		7D30AB5B2333149B0099738E /* LaunchScreen.storyboard */ = {
			isa = PBXVariantGroup;
			children = (
				7D30AB5C2333149B0099738E /* Base */,
			);
			name = LaunchScreen.storyboard;
			sourceTree = "<group>";
		};
/* End PBXVariantGroup section */

/* Begin XCBuildConfiguration section */
		7D30AB6C2333149C0099738E /* Debug */ = {
			isa = XCBuildConfiguration;
			buildSettings = {
				ALWAYS_SEARCH_USER_PATHS = NO;
				CLANG_ANALYZER_NONNULL = YES;
				CLANG_ANALYZER_NUMBER_OBJECT_CONVERSION = YES_AGGRESSIVE;
				CLANG_CXX_LANGUAGE_STANDARD = "gnu++14";
				CLANG_CXX_LIBRARY = "libc++";
				CLANG_ENABLE_MODULES = YES;
				CLANG_ENABLE_OBJC_ARC = YES;
				CLANG_ENABLE_OBJC_WEAK = YES;
				CLANG_WARN_BLOCK_CAPTURE_AUTORELEASING = YES;
				CLANG_WARN_BOOL_CONVERSION = YES;
				CLANG_WARN_COMMA = YES;
				CLANG_WARN_CONSTANT_CONVERSION = YES;
				CLANG_WARN_DEPRECATED_OBJC_IMPLEMENTATIONS = YES;
				CLANG_WARN_DIRECT_OBJC_ISA_USAGE = YES_ERROR;
				CLANG_WARN_DOCUMENTATION_COMMENTS = YES;
				CLANG_WARN_EMPTY_BODY = YES;
				CLANG_WARN_ENUM_CONVERSION = YES;
				CLANG_WARN_INFINITE_RECURSION = YES;
				CLANG_WARN_INT_CONVERSION = YES;
				CLANG_WARN_NON_LITERAL_NULL_CONVERSION = YES;
				CLANG_WARN_OBJC_IMPLICIT_RETAIN_SELF = YES;
				CLANG_WARN_OBJC_LITERAL_CONVERSION = YES;
				CLANG_WARN_OBJC_ROOT_CLASS = YES_ERROR;
				CLANG_WARN_RANGE_LOOP_ANALYSIS = YES;
				CLANG_WARN_STRICT_PROTOTYPES = YES;
				CLANG_WARN_SUSPICIOUS_MOVE = YES;
				CLANG_WARN_UNGUARDED_AVAILABILITY = YES_AGGRESSIVE;
				CLANG_WARN_UNREACHABLE_CODE = YES;
				CLANG_WARN__DUPLICATE_METHOD_MATCH = YES;
				CODE_SIGN_IDENTITY = "iPhone Developer";
				COPY_PHASE_STRIP = NO;
				DEBUG_INFORMATION_FORMAT = dwarf;
				ENABLE_STRICT_OBJC_MSGSEND = YES;
				ENABLE_TESTABILITY = YES;
				GCC_C_LANGUAGE_STANDARD = gnu11;
				GCC_DYNAMIC_NO_PIC = NO;
				GCC_NO_COMMON_BLOCKS = YES;
				GCC_OPTIMIZATION_LEVEL = 0;
				GCC_PREPROCESSOR_DEFINITIONS = (
					"DEBUG=1",
					"$(inherited)",
				);
				GCC_WARN_64_TO_32_BIT_CONVERSION = YES;
				GCC_WARN_ABOUT_RETURN_TYPE = YES_ERROR;
				GCC_WARN_UNDECLARED_SELECTOR = YES;
				GCC_WARN_UNINITIALIZED_AUTOS = YES_AGGRESSIVE;
				GCC_WARN_UNUSED_FUNCTION = YES;
				GCC_WARN_UNUSED_VARIABLE = YES;
				IPHONEOS_DEPLOYMENT_TARGET = 12.1;
				MTL_ENABLE_DEBUG_INFO = INCLUDE_SOURCE;
				MTL_FAST_MATH = YES;
				ONLY_ACTIVE_ARCH = YES;
				SDKROOT = iphoneos;
			};
			name = Debug;
		};
		7D30AB6D2333149C0099738E /* Release */ = {
			isa = XCBuildConfiguration;
			buildSettings = {
				ALWAYS_SEARCH_USER_PATHS = NO;
				CLANG_ANALYZER_NONNULL = YES;
				CLANG_ANALYZER_NUMBER_OBJECT_CONVERSION = YES_AGGRESSIVE;
				CLANG_CXX_LANGUAGE_STANDARD = "gnu++14";
				CLANG_CXX_LIBRARY = "libc++";
				CLANG_ENABLE_MODULES = YES;
				CLANG_ENABLE_OBJC_ARC = YES;
				CLANG_ENABLE_OBJC_WEAK = YES;
				CLANG_WARN_BLOCK_CAPTURE_AUTORELEASING = YES;
				CLANG_WARN_BOOL_CONVERSION = YES;
				CLANG_WARN_COMMA = YES;
				CLANG_WARN_CONSTANT_CONVERSION = YES;
				CLANG_WARN_DEPRECATED_OBJC_IMPLEMENTATIONS = YES;
				CLANG_WARN_DIRECT_OBJC_ISA_USAGE = YES_ERROR;
				CLANG_WARN_DOCUMENTATION_COMMENTS = YES;
				CLANG_WARN_EMPTY_BODY = YES;
				CLANG_WARN_ENUM_CONVERSION = YES;
				CLANG_WARN_INFINITE_RECURSION = YES;
				CLANG_WARN_INT_CONVERSION = YES;
				CLANG_WARN_NON_LITERAL_NULL_CONVERSION = YES;
				CLANG_WARN_OBJC_IMPLICIT_RETAIN_SELF = YES;
				CLANG_WARN_OBJC_LITERAL_CONVERSION = YES;
				CLANG_WARN_OBJC_ROOT_CLASS = YES_ERROR;
				CLANG_WARN_RANGE_LOOP_ANALYSIS = YES;
				CLANG_WARN_STRICT_PROTOTYPES = YES;
				CLANG_WARN_SUSPICIOUS_MOVE = YES;
				CLANG_WARN_UNGUARDED_AVAILABILITY = YES_AGGRESSIVE;
				CLANG_WARN_UNREACHABLE_CODE = YES;
				CLANG_WARN__DUPLICATE_METHOD_MATCH = YES;
				CODE_SIGN_IDENTITY = "iPhone Developer";
				COPY_PHASE_STRIP = NO;
				DEBUG_INFORMATION_FORMAT = "dwarf-with-dsym";
				ENABLE_NS_ASSERTIONS = NO;
				ENABLE_STRICT_OBJC_MSGSEND = YES;
				GCC_C_LANGUAGE_STANDARD = gnu11;
				GCC_NO_COMMON_BLOCKS = YES;
				GCC_WARN_64_TO_32_BIT_CONVERSION = YES;
				GCC_WARN_ABOUT_RETURN_TYPE = YES_ERROR;
				GCC_WARN_UNDECLARED_SELECTOR = YES;
				GCC_WARN_UNINITIALIZED_AUTOS = YES_AGGRESSIVE;
				GCC_WARN_UNUSED_FUNCTION = YES;
				GCC_WARN_UNUSED_VARIABLE = YES;
				IPHONEOS_DEPLOYMENT_TARGET = 12.1;
				MTL_ENABLE_DEBUG_INFO = NO;
				MTL_FAST_MATH = YES;
				SDKROOT = iphoneos;
				VALIDATE_PRODUCT = YES;
			};
			name = Release;
		};
		7D30AB6F2333149C0099738E /* Debug */ = {
			isa = XCBuildConfiguration;
			buildSettings = {
				ASSETCATALOG_COMPILER_APPICON_NAME = AppIcon;
				CODE_SIGN_STYLE = Automatic;
				DEVELOPMENT_TEAM = XXE35FR6LX;
				INFOPLIST_FILE = TLBookTextView/Info.plist;
				IPHONEOS_DEPLOYMENT_TARGET = 9.0;
				LD_RUNPATH_SEARCH_PATHS = (
					"$(inherited)",
					"@executable_path/Frameworks",
				);
				PRODUCT_BUNDLE_IDENTIFIER = com.yuanqutech.HowAreYou.TLBookTextView;
				PRODUCT_NAME = TLBookTextView;
				TARGETED_DEVICE_FAMILY = "1,2";
			};
			name = Debug;
		};
		7D30AB702333149C0099738E /* Release */ = {
			isa = XCBuildConfiguration;
			buildSettings = {
				ASSETCATALOG_COMPILER_APPICON_NAME = AppIcon;
				CODE_SIGN_STYLE = Automatic;
				DEVELOPMENT_TEAM = XXE35FR6LX;
				INFOPLIST_FILE = TLBookTextView/Info.plist;
				IPHONEOS_DEPLOYMENT_TARGET = 9.0;
				LD_RUNPATH_SEARCH_PATHS = (
					"$(inherited)",
					"@executable_path/Frameworks",
				);
				PRODUCT_BUNDLE_IDENTIFIER = com.yuanqutech.HowAreYou.TLBookTextView;
				PRODUCT_NAME = TLBookTextView;
				TARGETED_DEVICE_FAMILY = "1,2";
			};
			name = Release;
		};
		7D30AB722333149C0099738E /* Debug */ = {
			isa = XCBuildConfiguration;
			buildSettings = {
				BUNDLE_LOADER = "$(TEST_HOST)";
				CODE_SIGN_STYLE = Automatic;
				DEVELOPMENT_TEAM = XXE35FR6LX;
				INFOPLIST_FILE = TLBookTextViewTests/Info.plist;
				LD_RUNPATH_SEARCH_PATHS = (
					"$(inherited)",
					"@executable_path/Frameworks",
					"@loader_path/Frameworks",
				);
				PRODUCT_BUNDLE_IDENTIFIER = com.yuanqutech.HowAreYou.TLBookTextViewTests;
				PRODUCT_NAME = "$(TARGET_NAME)";
				TARGETED_DEVICE_FAMILY = "1,2";
				TEST_HOST = "$(BUILT_PRODUCTS_DIR)/TLBookTextView.app/TLBookTextView";
			};
			name = Debug;
		};
		7D30AB732333149C0099738E /* Release */ = {
			isa = XCBuildConfiguration;
			buildSettings = {
				BUNDLE_LOADER = "$(TEST_HOST)";
				CODE_SIGN_STYLE = Automatic;
				DEVELOPMENT_TEAM = XXE35FR6LX;
				INFOPLIST_FILE = TLBookTextViewTests/Info.plist;
				LD_RUNPATH_SEARCH_PATHS = (
					"$(inherited)",
					"@executable_path/Frameworks",
					"@loader_path/Frameworks",
				);
				PRODUCT_BUNDLE_IDENTIFIER = com.yuanqutech.HowAreYou.TLBookTextViewTests;
				PRODUCT_NAME = "$(TARGET_NAME)";
				TARGETED_DEVICE_FAMILY = "1,2";
				TEST_HOST = "$(BUILT_PRODUCTS_DIR)/TLBookTextView.app/TLBookTextView";
			};
			name = Release;
		};
/* End XCBuildConfiguration section */

/* Begin XCConfigurationList section */
		7D30AB482333149A0099738E /* Build configuration list for PBXProject "TLBookTextView" */ = {
			isa = XCConfigurationList;
			buildConfigurations = (
				7D30AB6C2333149C0099738E /* Debug */,
				7D30AB6D2333149C0099738E /* Release */,
			);
			defaultConfigurationIsVisible = 0;
			defaultConfigurationName = Release;
		};
		7D30AB6E2333149C0099738E /* Build configuration list for PBXNativeTarget "TLBookTextView" */ = {
			isa = XCConfigurationList;
			buildConfigurations = (
				7D30AB6F2333149C0099738E /* Debug */,
				7D30AB702333149C0099738E /* Release */,
			);
			defaultConfigurationIsVisible = 0;
			defaultConfigurationName = Release;
		};
		7D30AB712333149C0099738E /* Build configuration list for PBXNativeTarget "TLBookTextViewTests" */ = {
			isa = XCConfigurationList;
			buildConfigurations = (
				7D30AB722333149C0099738E /* Debug */,
				7D30AB732333149C0099738E /* Release */,
			);
			defaultConfigurationIsVisible = 0;
			defaultConfigurationName = Release;
		};
/* End XCConfigurationList section */
	};
	rootObject = 7D30AB452333149A0099738E /* Project object */;
}
